
Microsoft Visual Studio Solution File, Format Version 12.00
# Visual Studio Version 16
VisualStudioVersion = 16.0.30503.244
MinimumVisualStudioVersion = 10.0.40219.1
Project("{FAE04EC0-301F-11D3-BF4B-00C04F79EFBC}") = "WatermarkPDF", "WatermarkPDF\WatermarkPDF.csproj", "{B984500C-4B05-4183-B309-9461DC40C80B}"
EndProject
Global
	GlobalSection(SolutionConfigurationPlatforms) = preSolution
		Debug|Any CPU = Debug|Any CPU
		Debug|x86 = Debug|x86
		Release|Any CPU = Release|Any CPU
		Release|x86 = Release|x86
	EndGlobalSection
	GlobalSection(ProjectConfigurationPlatforms) = postSolution
		{B984500C-4B05-4183-B309-9461DC40C80B}.Debug|Any CPU.ActiveCfg = Debug|Any CPU
		{B984500C-4B05-4183-B309-9461DC40C80B}.Debug|Any CPU.Build.0 = Debug|Any CPU
		{B984500C-4B05-4183-B309-9461DC40C80B}.Debug|x86.ActiveCfg = Release|x86
		{B984500C-4B05-4183-B309-9461DC40C80B}.Debug|x86.Build.0 = Release|x86
		{B984500C-4B05-4183-B309-9461DC40C80B}.Release|Any CPU.ActiveCfg = Release|Any CPU
		{B984500C-4B05-4183-B309-9461DC40C80B}.Release|Any CPU.Build.0 = Release|Any CPU
		{B984500C-4B05-4183-B309-9461DC40C80B}.Release|x86.ActiveCfg = Release|x86
		{B984500C-4B05-4183-B309-9461DC40C80B}.Release|x86.Build.0 = Release|x86
	EndGlobalSection
	GlobalSection(SolutionProperties) = preSolution
		HideSolutionNode = FALSE
	EndGlobalSection
	GlobalSection(ExtensibilityGlobals) = postSolution
		SolutionGuid = {81BF045C-84C4-48C6-A05E-0620FBBF07A6}
	EndGlobalSection
EndGlobal
